// !$*UTF8*$!
{
	archiveVersion = 1;
	classes = {
	};
	objectVersion = 77;
	objects = {

/* Begin PBXBuildFile section */
		340793452F1FE81500E12937 /* MLX in Frameworks */ = {isa = PBXBuildFile; productRef = 340793442F1FE81500E12937 /* MLX */; };
		340793472F1FE81500E12937 /* MLXFFT in Frameworks */ = {isa = PBXBuildFile; productRef = 340793462F1FE81500E12937 /* MLXFFT */; };
		340793492F1FE81500E12937 /* MLXFast in Frameworks */ = {isa = PBXBuildFile; productRef = 340793482F1FE81500E12937 /* MLXFast */; };
		3407934B2F1FE81500E12937 /* MLXLinalg in Frameworks */ = {isa = PBXBuildFile; productRef = 3407934A2F1FE81500E12937 /* MLXLinalg */; };
		3407934D2F1FE81500E12937 /* MLXNN in Frameworks */ = {isa = PBXBuildFile; productRef = 3407934C2F1FE81500E12937 /* MLXNN */; };
		3407934F2F1FE81500E12937 /* MLXOptimizers in Frameworks */ = {isa = PBXBuildFile; productRef = 3407934E2F1FE81500E12937 /* MLXOptimizers */; };
		340793512F1FE81500E12937 /* MLXRandom in Frameworks */ = {isa = PBXBuildFile; productRef = 340793502F1FE81500E12937 /* MLXRandom */; };
		3491D5342F0A7E6200100E83 /* ZIPFoundation in Frameworks */ = {isa = PBXBuildFile; productRef = 3491D5332F0A7E6200100E83 /* ZIPFoundation */; };
/* End PBXBuildFile section */

/* Begin PBXContainerItemProxy section */
		3491D57F2F0AC43000100E83 /* PBXContainerItemProxy */ = {
			isa = PBXContainerItemProxy;
			containerPortal = 3491D4FA2F09792400100E83 /* Project object */;
			proxyType = 1;
			remoteGlobalIDString = 3491D5012F09792400100E83;
			remoteInfo = SignLanguageTranslate;
		};
/* End PBXContainerItemProxy section */

/* Begin PBXFileReference section */
		3491D5022F09792400100E83 /* SignLanguageTranslate.app */ = {isa = PBXFileReference; explicitFileType = wrapper.application; includeInIndex = 0; path = SignLanguageTranslate.app; sourceTree = BUILT_PRODUCTS_DIR; };
		3491D57B2F0AC43000100E83 /* SignLanguageTranslateTests.xctest */ = {isa = PBXFileReference; explicitFileType = wrapper.cfbundle; includeInIndex = 0; path = SignLanguageTranslateTests.xctest; sourceTree = BUILT_PRODUCTS_DIR; };
/* End PBXFileReference section */

/* Begin PBXFileSystemSynchronizedRootGroup section */
		3491D5042F09792400100E83 /* SignLanguageTranslate */ = {
			isa = PBXFileSystemSynchronizedRootGroup;
			path = SignLanguageTranslate;
			sourceTree = "<group>";
		};
		3491D57C2F0AC43000100E83 /* SignLanguageTranslateTests */ = {
			isa = PBXFileSystemSynchronizedRootGroup;
			path = SignLanguageTranslateTests;
			sourceTree = "<group>";
		};
/* End PBXFileSystemSynchronizedRootGroup section */

/* Begin PBXFrameworksBuildPhase section */
		3491D4FF2F09792400100E83 /* Frameworks */ = {
			isa = PBXFrameworksBuildPhase;
			buildActionMask = 2147483647;
			files = (
				3407934D2F1FE81500E12937 /* MLXNN in Frameworks */,
				3407934B2F1FE81500E12937 /* MLXLinalg in Frameworks */,
				340793452F1FE81500E12937 /* MLX in Frameworks */,
				340793512F1FE81500E12937 /* MLXRandom in Frameworks */,
				3491D5342F0A7E6200100E83 /* ZIPFoundation in Frameworks */,
				3407934F2F1FE81500E12937 /* MLXOptimizers in Frameworks */,
				340793492F1FE81500E12937 /* MLXFast in Frameworks */,
				340793472F1FE81500E12937 /* MLXFFT in Frameworks */,
			);
			runOnlyForDeploymentPostprocessing = 0;
		};
		3491D5782F0AC43000100E83 /* Frameworks */ = {
			isa = PBXFrameworksBuildPhase;
			buildActionMask = 2147483647;
			files = (
			);
			runOnlyForDeploymentPostprocessing = 0;
		};
/* End PBXFrameworksBuildPhase section */

/* Begin PBXGroup section */
		3491D4F92F09792400100E83 = {
			isa = PBXGroup;
			children = (
				3491D5042F09792400100E83 /* SignLanguageTranslate */,
				3491D57C2F0AC43000100E83 /* SignLanguageTranslateTests */,
				3491D5032F09792400100E83 /* Products */,
			);
			sourceTree = "<group>";
		};
		3491D5032F09792400100E83 /* Products */ = {
			isa = PBXGroup;
			children = (
				3491D5022F09792400100E83 /* SignLanguageTranslate.app */,
				3491D57B2F0AC43000100E83 /* SignLanguageTranslateTests.xctest */,
			);
			name = Products;
			sourceTree = "<group>";
		};
/* End PBXGroup section */

/* Begin PBXNativeTarget section */
		3491D5012F09792400100E83 /* SignLanguageTranslate */ = {
			isa = PBXNativeTarget;
			buildConfigurationList = 3491D50D2F09792500100E83 /* Build configuration list for PBXNativeTarget "SignLanguageTranslate" */;
			buildPhases = (
				3491D4FE2F09792400100E83 /* Sources */,
				3491D4FF2F09792400100E83 /* Frameworks */,
				3491D5002F09792400100E83 /* Resources */,
			);
			buildRules = (
			);
			dependencies = (
			);
			fileSystemSynchronizedGroups = (
				3491D5042F09792400100E83 /* SignLanguageTranslate */,
			);
			name = SignLanguageTranslate;
			packageProductDependencies = (
				3491D5332F0A7E6200100E83 /* ZIPFoundation */,
				340793442F1FE81500E12937 /* MLX */,
				340793462F1FE81500E12937 /* MLXFFT */,
				340793482F1FE81500E12937 /* MLXFast */,
				3407934A2F1FE81500E12937 /* MLXLinalg */,
				3407934C2F1FE81500E12937 /* MLXNN */,
				3407934E2F1FE81500E12937 /* MLXOptimizers */,
				340793502F1FE81500E12937 /* MLXRandom */,
			);
			productName = SignLanguageTranslate;
			productReference = 3491D5022F09792400100E83 /* SignLanguageTranslate.app */;
			productType = "com.apple.product-type.application";
		};
		3491D57A2F0AC43000100E83 /* SignLanguageTranslateTests */ = {
			isa = PBXNativeTarget;
			buildConfigurationList = 3491D5812F0AC43000100E83 /* Build configuration list for PBXNativeTarget "SignLanguageTranslateTests" */;
			buildPhases = (
				3491D5772F0AC43000100E83 /* Sources */,
				3491D5782F0AC43000100E83 /* Frameworks */,
				3491D5792F0AC43000100E83 /* Resources */,
			);
			buildRules = (
			);
			dependencies = (
				3491D5802F0AC43000100E83 /* PBXTargetDependency */,
			);
			fileSystemSynchronizedGroups = (
				3491D57C2F0AC43000100E83 /* SignLanguageTranslateTests */,
			);
			name = SignLanguageTranslateTests;
			packageProductDependencies = (
			);
			productName = SignLanguageTranslateTests;
			productReference = 3491D57B2F0AC43000100E83 /* SignLanguageTranslateTests.xctest */;
			productType = "com.apple.product-type.bundle.unit-test";
		};
/* End PBXNativeTarget section */

/* Begin PBXProject section */
		3491D4FA2F09792400100E83 /* Project object */ = {
			isa = PBXProject;
			attributes = {
				BuildIndependentTargetsInParallel = 1;
				LastSwiftUpdateCheck = 2620;
				LastUpgradeCheck = 2620;
				TargetAttributes = {
					3491D5012F09792400100E83 = {
						CreatedOnToolsVersion = 26.2;
					};
					3491D57A2F0AC43000100E83 = {
						CreatedOnToolsVersion = 26.2;
						TestTargetID = 3491D5012F09792400100E83;
					};
				};
			};
			buildConfigurationList = 3491D4FD2F09792400100E83 /* Build configuration list for PBXProject "SignLanguageTranslate" */;
			developmentRegion = en;
			hasScannedForEncodings = 0;
			knownRegions = (
				en,
				Base,
			);
			mainGroup = 3491D4F92F09792400100E83;
			minimizedProjectReferenceProxies = 1;
			packageReferences = (
				3491D5322F0A7E6200100E83 /* XCRemoteSwiftPackageReference "ZIPFoundation" */,
				340793432F1FE81500E12937 /* XCRemoteSwiftPackageReference "mlx-swift" */,
			);
			preferredProjectObjectVersion = 77;
			productRefGroup = 3491D5032F09792400100E83 /* Products */;
			projectDirPath = "";
			projectRoot = "";
			targets = (
				3491D5012F09792400100E83 /* SignLanguageTranslate */,
				3491D57A2F0AC43000100E83 /* SignLanguageTranslateTests */,
			);
		};
/* End PBXProject section */

/* Begin PBXResourcesBuildPhase section */
		3491D5002F09792400100E83 /* Resources */ = {
			isa = PBXResourcesBuildPhase;
			buildActionMask = 2147483647;
			files = (
			);
			runOnlyForDeploymentPostprocessing = 0;
		};
		3491D5792F0AC43000100E83 /* Resources */ = {
			isa = PBXResourcesBuildPhase;
			buildActionMask = 2147483647;
			files = (
			);
			runOnlyForDeploymentPostprocessing = 0;
		};
/* End PBXResourcesBuildPhase section */

/* Begin PBXSourcesBuildPhase section */
		3491D4FE2F09792400100E83 /* Sources */ = {
			isa = PBXSourcesBuildPhase;
			buildActionMask = 2147483647;
			files = (
			);
			runOnlyForDeploymentPostprocessing = 0;
		};
		3491D5772F0AC43000100E83 /* Sources */ = {
			isa = PBXSourcesBuildPhase;
			buildActionMask = 2147483647;
			files = (
			);
			runOnlyForDeploymentPostprocessing = 0;
		};
/* End PBXSourcesBuildPhase section */

/* Begin PBXTargetDependency section */
		3491D5802F0AC43000100E83 /* PBXTargetDependency */ = {
			isa = PBXTargetDependency;
			target = 3491D5012F09792400100E83 /* SignLanguageTranslate */;
			targetProxy = 3491D57F2F0AC43000100E83 /* PBXContainerItemProxy */;
		};
/* End PBXTargetDependency section */

/* Begin XCBuildConfiguration section */
		3491D50B2F09792500100E83 /* Debug */ = {
			isa = XCBuildConfiguration;
			buildSettings = {
				ALWAYS_SEARCH_USER_PATHS = NO;
				ASSETCATALOG_COMPILER_GENERATE_SWIFT_ASSET_SYMBOL_EXTENSIONS = YES;
				CLANG_ANALYZER_NONNULL = YES;
				CLANG_ANALYZER_NUMBER_OBJECT_CONVERSION = YES_AGGRESSIVE;
				CLANG_CXX_LANGUAGE_STANDARD = "gnu++20";
				CLANG_ENABLE_MODULES = YES;
				CLANG_ENABLE_OBJC_ARC = YES;
				CLANG_ENABLE_OBJC_WEAK = YES;
				CLANG_WARN_BLOCK_CAPTURE_AUTORELEASING = YES;
				CLANG_WARN_BOOL_CONVERSION = YES;
				CLANG_WARN_COMMA = YES;
				CLANG_WARN_CONSTANT_CONVERSION = YES;
				CLANG_WARN_DEPRECATED_OBJC_IMPLEMENTATIONS = YES;
				CLANG_WARN_DIRECT_OBJC_ISA_USAGE = YES_ERROR;
				CLANG_WARN_DOCUMENTATION_COMMENTS = YES;
				CLANG_WARN_EMPTY_BODY = YES;
				CLANG_WARN_ENUM_CONVERSION = YES;
				CLANG_WARN_INFINITE_RECURSION = YES;
				CLANG_WARN_INT_CONVERSION = YES;
				CLANG_WARN_NON_LITERAL_NULL_CONVERSION = YES;
				CLANG_WARN_OBJC_IMPLICIT_RETAIN_SELF = YES;
				CLANG_WARN_OBJC_LITERAL_CONVERSION = YES;
				CLANG_WARN_OBJC_ROOT_CLASS = YES_ERROR;
				CLANG_WARN_QUOTED_INCLUDE_IN_FRAMEWORK_HEADER = YES;
				CLANG_WARN_RANGE_LOOP_ANALYSIS = YES;
				CLANG_WARN_STRICT_PROTOTYPES = YES;
				CLANG_WARN_SUSPICIOUS_MOVE = YES;
				CLANG_WARN_UNGUARDED_AVAILABILITY = YES_AGGRESSIVE;
				CLANG_WARN_UNREACHABLE_CODE = YES;
				CLANG_WARN__DUPLICATE_METHOD_MATCH = YES;
				COPY_PHASE_STRIP = NO;
				DEBUG_INFORMATION_FORMAT = dwarf;
				DEVELOPMENT_TEAM = BUMDMHL9XB;
				ENABLE_STRICT_OBJC_MSGSEND = YES;
				ENABLE_TESTABILITY = YES;
				ENABLE_USER_SCRIPT_SANDBOXING = YES;
				GCC_C_LANGUAGE_STANDARD = gnu17;
				GCC_DYNAMIC_NO_PIC = NO;
				GCC_NO_COMMON_BLOCKS = YES;
				GCC_OPTIMIZATION_LEVEL = 0;
				GCC_PREPROCESSOR_DEFINITIONS = (
					"DEBUG=1",
					"$(inherited)",
				);
				GCC_WARN_64_TO_32_BIT_CONVERSION = YES;
				GCC_WARN_ABOUT_RETURN_TYPE = YES_ERROR;
				GCC_WARN_UNDECLARED_SELECTOR = YES;
				GCC_WARN_UNINITIALIZED_AUTOS = YES_AGGRESSIVE;
				GCC_WARN_UNUSED_FUNCTION = YES;
				GCC_WARN_UNUSED_VARIABLE = YES;
				LOCALIZATION_PREFERS_STRING_CATALOGS = YES;
				MTL_ENABLE_DEBUG_INFO = INCLUDE_SOURCE;
				MTL_FAST_MATH = YES;
				ONLY_ACTIVE_ARCH = YES;
				SWIFT_ACTIVE_COMPILATION_CONDITIONS = "DEBUG $(inherited)";
				SWIFT_OPTIMIZATION_LEVEL = "-Onone";
			};
			name = Debug;
		};
		3491D50C2F09792500100E83 /* Release */ = {
			isa = XCBuildConfiguration;
			buildSettings = {
				ALWAYS_SEARCH_USER_PATHS = NO;
				ASSETCATALOG_COMPILER_GENERATE_SWIFT_ASSET_SYMBOL_EXTENSIONS = YES;
				CLANG_ANALYZER_NONNULL = YES;
				CLANG_ANALYZER_NUMBER_OBJECT_CONVERSION = YES_AGGRESSIVE;
				CLANG_CXX_LANGUAGE_STANDARD = "gnu++20";
				CLANG_ENABLE_MODULES = YES;
				CLANG_ENABLE_OBJC_ARC = YES;
				CLANG_ENABLE_OBJC_WEAK = YES;
				CLANG_WARN_BLOCK_CAPTURE_AUTORELEASING = YES;
				CLANG_WARN_BOOL_CONVERSION = YES;
				CLANG_WARN_COMMA = YES;
				CLANG_WARN_CONSTANT_CONVERSION = YES;
				CLANG_WARN_DEPRECATED_OBJC_IMPLEMENTATIONS = YES;
				CLANG_WARN_DIRECT_OBJC_ISA_USAGE = YES_ERROR;
				CLANG_WARN_DOCUMENTATION_COMMENTS = YES;
				CLANG_WARN_EMPTY_BODY = YES;
				CLANG_WARN_ENUM_CONVERSION = YES;
				CLANG_WARN_INFINITE_RECURSION = YES;
				CLANG_WARN_INT_CONVERSION = YES;
				CLANG_WARN_NON_LITERAL_NULL_CONVERSION = YES;
				CLANG_WARN_OBJC_IMPLICIT_RETAIN_SELF = YES;
				CLANG_WARN_OBJC_LITERAL_CONVERSION = YES;
				CLANG_WARN_OBJC_ROOT_CLASS = YES_ERROR;
				CLANG_WARN_QUOTED_INCLUDE_IN_FRAMEWORK_HEADER = YES;
				CLANG_WARN_RANGE_LOOP_ANALYSIS = YES;
				CLANG_WARN_STRICT_PROTOTYPES = YES;
				CLANG_WARN_SUSPICIOUS_MOVE = YES;
				CLANG_WARN_UNGUARDED_AVAILABILITY = YES_AGGRESSIVE;
				CLANG_WARN_UNREACHABLE_CODE = YES;
				CLANG_WARN__DUPLICATE_METHOD_MATCH = YES;
				COPY_PHASE_STRIP = NO;
				DEBUG_INFORMATION_FORMAT = "dwarf-with-dsym";
				DEVELOPMENT_TEAM = BUMDMHL9XB;
				ENABLE_NS_ASSERTIONS = NO;
				ENABLE_STRICT_OBJC_MSGSEND = YES;
				ENABLE_USER_SCRIPT_SANDBOXING = YES;
				GCC_C_LANGUAGE_STANDARD = gnu17;
				GCC_NO_COMMON_BLOCKS = YES;
				GCC_WARN_64_TO_32_BIT_CONVERSION = YES;
				GCC_WARN_ABOUT_RETURN_TYPE = YES_ERROR;
				GCC_WARN_UNDECLARED_SELECTOR = YES;
				GCC_WARN_UNINITIALIZED_AUTOS = YES_AGGRESSIVE;
				GCC_WARN_UNUSED_FUNCTION = YES;
				GCC_WARN_UNUSED_VARIABLE = YES;
				LOCALIZATION_PREFERS_STRING_CATALOGS = YES;
				MTL_ENABLE_DEBUG_INFO = NO;
				MTL_FAST_MATH = YES;
				SWIFT_COMPILATION_MODE = wholemodule;
			};
			name = Release;
		};
		3491D50E2F09792500100E83 /* Debug */ = {
			isa = XCBuildConfiguration;
			buildSettings = {
				ASSETCATALOG_COMPILER_APPICON_NAME = AppIcon;
				ASSETCATALOG_COMPILER_GLOBAL_ACCENT_COLOR_NAME = AccentColor;
				CODE_SIGN_STYLE = Automatic;
				CURRENT_PROJECT_VERSION = 1;
				DEVELOPMENT_TEAM = BUMDMHL9XB;
				ENABLE_APP_SANDBOX = YES;
				ENABLE_HARDENED_RUNTIME = YES;
				ENABLE_PREVIEWS = YES;
				ENABLE_USER_SELECTED_FILES = readonly;
				GENERATE_INFOPLIST_FILE = YES;
				"INFOPLIST_KEY_UIApplicationSceneManifest_Generation[sdk=iphoneos*]" = YES;
				"INFOPLIST_KEY_UIApplicationSceneManifest_Generation[sdk=iphonesimulator*]" = YES;
				"INFOPLIST_KEY_UIApplicationSupportsIndirectInputEvents[sdk=iphoneos*]" = YES;
				"INFOPLIST_KEY_UIApplicationSupportsIndirectInputEvents[sdk=iphonesimulator*]" = YES;
				"INFOPLIST_KEY_UILaunchScreen_Generation[sdk=iphoneos*]" = YES;
				"INFOPLIST_KEY_UILaunchScreen_Generation[sdk=iphonesimulator*]" = YES;
				"INFOPLIST_KEY_UIStatusBarStyle[sdk=iphoneos*]" = UIStatusBarStyleDefault;
				"INFOPLIST_KEY_UIStatusBarStyle[sdk=iphonesimulator*]" = UIStatusBarStyleDefault;
				INFOPLIST_KEY_UISupportedInterfaceOrientations_iPad = "UIInterfaceOrientationPortrait UIInterfaceOrientationPortraitUpsideDown UIInterfaceOrientationLandscapeLeft UIInterfaceOrientationLandscapeRight";
				INFOPLIST_KEY_UISupportedInterfaceOrientations_iPhone = "UIInterfaceOrientationPortrait UIInterfaceOrientationLandscapeLeft UIInterfaceOrientationLandscapeRight";
				IPHONEOS_DEPLOYMENT_TARGET = 26.2;
				LD_RUNPATH_SEARCH_PATHS = "@executable_path/Frameworks";
				"LD_RUNPATH_SEARCH_PATHS[sdk=macosx*]" = "@executable_path/../Frameworks";
				MACOSX_DEPLOYMENT_TARGET = 26.2;
				MARKETING_VERSION = 1.0;
				PRODUCT_BUNDLE_IDENTIFIER = in.sunilsarolkar.signlanguagetranslate.SignLanguageTranslate;
				PRODUCT_NAME = "$(TARGET_NAME)";
				REGISTER_APP_GROUPS = YES;
				SDKROOT = auto;
				STRING_CATALOG_GENERATE_SYMBOLS = YES;
				SUPPORTED_PLATFORMS = "iphoneos iphonesimulator macosx xros xrsimulator";
				SWIFT_APPROACHABLE_CONCURRENCY = YES;
				SWIFT_DEFAULT_ACTOR_ISOLATION = MainActor;
				SWIFT_EMIT_LOC_STRINGS = YES;
				SWIFT_UPCOMING_FEATURE_MEMBER_IMPORT_VISIBILITY = YES;
				SWIFT_VERSION = 5.0;
				TARGETED_DEVICE_FAMILY = "1,2,7";
				XROS_DEPLOYMENT_TARGET = 26.2;
			};
			name = Debug;
		};
		3491D50F2F09792500100E83 /* Release */ = {
			isa = XCBuildConfiguration;
			buildSettings = {
				ASSETCATALOG_COMPILER_APPICON_NAME = AppIcon;
				ASSETCATALOG_COMPILER_GLOBAL_ACCENT_COLOR_NAME = AccentColor;
				CODE_SIGN_STYLE = Automatic;
				CURRENT_PROJECT_VERSION = 1;
				DEVELOPMENT_TEAM = BUMDMHL9XB;
				ENABLE_APP_SANDBOX = YES;
				ENABLE_HARDENED_RUNTIME = YES;
				ENABLE_PREVIEWS = YES;
				ENABLE_USER_SELECTED_FILES = readonly;
				GENERATE_INFOPLIST_FILE = YES;
				"INFOPLIST_KEY_UIApplicationSceneManifest_Generation[sdk=iphoneos*]" = YES;
				"INFOPLIST_KEY_UIApplicationSceneManifest_Generation[sdk=iphonesimulator*]" = YES;
				"INFOPLIST_KEY_UIApplicationSupportsIndirectInputEvents[sdk=iphoneos*]" = YES;
				"INFOPLIST_KEY_UIApplicationSupportsIndirectInputEvents[sdk=iphonesimulator*]" = YES;
				"INFOPLIST_KEY_UILaunchScreen_Generation[sdk=iphoneos*]" = YES;
				"INFOPLIST_KEY_UILaunchScreen_Generation[sdk=iphonesimulator*]" = YES;
				"INFOPLIST_KEY_UIStatusBarStyle[sdk=iphoneos*]" = UIStatusBarStyleDefault;
				"INFOPLIST_KEY_UIStatusBarStyle[sdk=iphonesimulator*]" = UIStatusBarStyleDefault;
				INFOPLIST_KEY_UISupportedInterfaceOrientations_iPad = "UIInterfaceOrientationPortrait UIInterfaceOrientationPortraitUpsideDown UIInterfaceOrientationLandscapeLeft UIInterfaceOrientationLandscapeRight";
				INFOPLIST_KEY_UISupportedInterfaceOrientations_iPhone = "UIInterfaceOrientationPortrait UIInterfaceOrientationLandscapeLeft UIInterfaceOrientationLandscapeRight";
				IPHONEOS_DEPLOYMENT_TARGET = 26.2;
				LD_RUNPATH_SEARCH_PATHS = "@executable_path/Frameworks";
				"LD_RUNPATH_SEARCH_PATHS[sdk=macosx*]" = "@executable_path/../Frameworks";
				MACOSX_DEPLOYMENT_TARGET = 26.2;
				MARKETING_VERSION = 1.0;
				PRODUCT_BUNDLE_IDENTIFIER = in.sunilsarolkar.signlanguagetranslate.SignLanguageTranslate;
				PRODUCT_NAME = "$(TARGET_NAME)";
				REGISTER_APP_GROUPS = YES;
				SDKROOT = auto;
				STRING_CATALOG_GENERATE_SYMBOLS = YES;
				SUPPORTED_PLATFORMS = "iphoneos iphonesimulator macosx xros xrsimulator";
				SWIFT_APPROACHABLE_CONCURRENCY = YES;
				SWIFT_DEFAULT_ACTOR_ISOLATION = MainActor;
				SWIFT_EMIT_LOC_STRINGS = YES;
				SWIFT_UPCOMING_FEATURE_MEMBER_IMPORT_VISIBILITY = YES;
				SWIFT_VERSION = 5.0;
				TARGETED_DEVICE_FAMILY = "1,2,7";
				XROS_DEPLOYMENT_TARGET = 26.2;
			};
			name = Release;
		};
		3491D5822F0AC43000100E83 /* Debug */ = {
			isa = XCBuildConfiguration;
			buildSettings = {
				BUNDLE_LOADER = "$(TEST_HOST)";
				CODE_SIGN_STYLE = Automatic;
				CURRENT_PROJECT_VERSION = 1;
				DEVELOPMENT_TEAM = BUMDMHL9XB;
				GENERATE_INFOPLIST_FILE = YES;
				IPHONEOS_DEPLOYMENT_TARGET = 26.2;
				MARKETING_VERSION = 1.0;
				PRODUCT_BUNDLE_IDENTIFIER = in.sunilsarolkar.signlanguagetranslate.SignLanguageTranslateTests;
				PRODUCT_NAME = "$(TARGET_NAME)";
				SDKROOT = iphoneos;
				STRING_CATALOG_GENERATE_SYMBOLS = NO;
				SWIFT_APPROACHABLE_CONCURRENCY = YES;
				SWIFT_EMIT_LOC_STRINGS = NO;
				SWIFT_UPCOMING_FEATURE_MEMBER_IMPORT_VISIBILITY = YES;
				SWIFT_VERSION = 5.0;
				TARGETED_DEVICE_FAMILY = "1,2";
				TEST_HOST = "$(BUILT_PRODUCTS_DIR)/SignLanguageTranslate.app/$(BUNDLE_EXECUTABLE_FOLDER_PATH)/SignLanguageTranslate";
			};
			name = Debug;
		};
		3491D5832F0AC43000100E83 /* Release */ = {
			isa = XCBuildConfiguration;
			buildSettings = {
				BUNDLE_LOADER = "$(TEST_HOST)";
				CODE_SIGN_STYLE = Automatic;
				CURRENT_PROJECT_VERSION = 1;
				DEVELOPMENT_TEAM = BUMDMHL9XB;
				GENERATE_INFOPLIST_FILE = YES;
				IPHONEOS_DEPLOYMENT_TARGET = 26.2;
				MARKETING_VERSION = 1.0;
				PRODUCT_BUNDLE_IDENTIFIER = in.sunilsarolkar.signlanguagetranslate.SignLanguageTranslateTests;
				PRODUCT_NAME = "$(TARGET_NAME)";
				SDKROOT = iphoneos;
				STRING_CATALOG_GENERATE_SYMBOLS = NO;
				SWIFT_APPROACHABLE_CONCURRENCY = YES;
				SWIFT_EMIT_LOC_STRINGS = NO;
				SWIFT_UPCOMING_FEATURE_MEMBER_IMPORT_VISIBILITY = YES;
				SWIFT_VERSION = 5.0;
				TARGETED_DEVICE_FAMILY = "1,2";
				TEST_HOST = "$(BUILT_PRODUCTS_DIR)/SignLanguageTranslate.app/$(BUNDLE_EXECUTABLE_FOLDER_PATH)/SignLanguageTranslate";
				VALIDATE_PRODUCT = YES;
			};
			name = Release;
		};
/* End XCBuildConfiguration section */

/* Begin XCConfigurationList section */
		3491D4FD2F09792400100E83 /* Build configuration list for PBXProject "SignLanguageTranslate" */ = {
			isa = XCConfigurationList;
			buildConfigurations = (
				3491D50B2F09792500100E83 /* Debug */,
				3491D50C2F09792500100E83 /* Release */,
			);
			defaultConfigurationIsVisible = 0;
			defaultConfigurationName = Release;
		};
		3491D50D2F09792500100E83 /* Build configuration list for PBXNativeTarget "SignLanguageTranslate" */ = {
			isa = XCConfigurationList;
			buildConfigurations = (
				3491D50E2F09792500100E83 /* Debug */,
				3491D50F2F09792500100E83 /* Release */,
			);
			defaultConfigurationIsVisible = 0;
			defaultConfigurationName = Release;
		};
		3491D5812F0AC43000100E83 /* Build configuration list for PBXNativeTarget "SignLanguageTranslateTests" */ = {
			isa = XCConfigurationList;
			buildConfigurations = (
				3491D5822F0AC43000100E83 /* Debug */,
				3491D5832F0AC43000100E83 /* Release */,
			);
			defaultConfigurationIsVisible = 0;
			defaultConfigurationName = Release;
		};
/* End XCConfigurationList section */

/* Begin XCRemoteSwiftPackageReference section */
		340793432F1FE81500E12937 /* XCRemoteSwiftPackageReference "mlx-swift" */ = {
			isa = XCRemoteSwiftPackageReference;
			repositoryURL = "https://github.com/ml-explore/mlx-swift";
			requirement = {
				kind = upToNextMajorVersion;
				minimumVersion = 0.30.2;
			};
		};
		3491D5322F0A7E6200100E83 /* XCRemoteSwiftPackageReference "ZIPFoundation" */ = {
			isa = XCRemoteSwiftPackageReference;
			repositoryURL = "https://github.com/weichsel/ZIPFoundation";
			requirement = {
				kind = upToNextMajorVersion;
				minimumVersion = 0.9.20;
			};
		};
/* End XCRemoteSwiftPackageReference section */

/* Begin XCSwiftPackageProductDependency section */
		340793442F1FE81500E12937 /* MLX */ = {
			isa = XCSwiftPackageProductDependency;
			package = 340793432F1FE81500E12937 /* XCRemoteSwiftPackageReference "mlx-swift" */;
			productName = MLX;
		};
		340793462F1FE81500E12937 /* MLXFFT */ = {
			isa = XCSwiftPackageProductDependency;
			package = 340793432F1FE81500E12937 /* XCRemoteSwiftPackageReference "mlx-swift" */;
			productName = MLXFFT;
		};
		340793482F1FE81500E12937 /* MLXFast */ = {
			isa = XCSwiftPackageProductDependency;
			package = 340793432F1FE81500E12937 /* XCRemoteSwiftPackageReference "mlx-swift" */;
			productName = MLXFast;
		};
		3407934A2F1FE81500E12937 /* MLXLinalg */ = {
			isa = XCSwiftPackageProductDependency;
			package = 340793432F1FE81500E12937 /* XCRemoteSwiftPackageReference "mlx-swift" */;
			productName = MLXLinalg;
		};
		3407934C2F1FE81500E12937 /* MLXNN */ = {
			isa = XCSwiftPackageProductDependency;
			package = 340793432F1FE81500E12937 /* XCRemoteSwiftPackageReference "mlx-swift" */;
			productName = MLXNN;
		};
		3407934E2F1FE81500E12937 /* MLXOptimizers */ = {
			isa = XCSwiftPackageProductDependency;
			package = 340793432F1FE81500E12937 /* XCRemoteSwiftPackageReference "mlx-swift" */;
			productName = MLXOptimizers;
		};
		340793502F1FE81500E12937 /* MLXRandom */ = {
			isa = XCSwiftPackageProductDependency;
			package = 340793432F1FE81500E12937 /* XCRemoteSwiftPackageReference "mlx-swift" */;
			productName = MLXRandom;
		};
		3491D5332F0A7E6200100E83 /* ZIPFoundation */ = {
			isa = XCSwiftPackageProductDependency;
			package = 3491D5322F0A7E6200100E83 /* XCRemoteSwiftPackageReference "ZIPFoundation" */;
			productName = ZIPFoundation;
		};
/* End XCSwiftPackageProductDependency section */
	};
	rootObject = 3491D4FA2F09792400100E83 /* Project object */;
}
